
Microsoft Visual Studio Solution File, Format Version 12.00
# Visual Studio Version 17
VisualStudioVersion = 17.10.35013.160
MinimumVisualStudioVersion = 10.0.40219.1
Project("{FAE04EC0-301F-11D3-BF4B-00C04F79EFBC}") = "FirstProject", "FirstProject.csproj", "{FAA83622-BF39-4ED8-BDA2-3A300F3909EB}"
EndProject
Global
	GlobalSection(SolutionConfigurationPlatforms) = preSolution
		Debug|Any CPU = Debug|Any CPU
		Release|Any CPU = Release|Any CPU
	EndGlobalSection
	GlobalSection(ProjectConfigurationPlatforms) = postSolution
		{FAA83622-BF39-4ED8-BDA2-3A300F3909EB}.Debug|Any CPU.ActiveCfg = Debug|Any CPU
		{FAA83622-BF39-4ED8-BDA2-3A300F3909EB}.Debug|Any CPU.Build.0 = Debug|Any CPU
		{FAA83622-BF39-4ED8-BDA2-3A300F3909EB}.Release|Any CPU.ActiveCfg = Release|Any CPU
		{FAA83622-BF39-4ED8-BDA2-3A300F3909EB}.Release|Any CPU.Build.0 = Release|Any CPU
	EndGlobalSection
	GlobalSection(SolutionProperties) = preSolution
		HideSolutionNode = FALSE
	EndGlobalSection
	GlobalSection(ExtensibilityGlobals) = postSolution
		SolutionGuid = {EC224E8C-C88C-43F9-A818-E1BC9C119D06}
	EndGlobalSection
EndGlobal
